// !$*UTF8*$!
{
	archiveVersion = 1;
	classes = {
	};
	objectVersion = 48;
	objects = {

/* Begin PBXBuildFile section */
		6455B910207C8081002F2B6D /* AppDelegate.swift in Sources */ = {isa = PBXBuildFile; fileRef = 6455B90F207C8081002F2B6D /* AppDelegate.swift */; };
		6455B912207C8081002F2B6D /* ViewController.swift in Sources */ = {isa = PBXBuildFile; fileRef = 6455B911207C8081002F2B6D /* ViewController.swift */; };
		6455B915207C8081002F2B6D /* Main.storyboard in Resources */ = {isa = PBXBuildFile; fileRef = 6455B913207C8081002F2B6D /* Main.storyboard */; };
		6455B917207C8081002F2B6D /* Assets.xcassets in Resources */ = {isa = PBXBuildFile; fileRef = 6455B916207C8081002F2B6D /* Assets.xcassets */; };
		6455B91A207C8081002F2B6D /* LaunchScreen.storyboard in Resources */ = {isa = PBXBuildFile; fileRef = 6455B918207C8081002F2B6D /* LaunchScreen.storyboard */; };
/* End PBXBuildFile section */

/* Begin PBXFileReference section */
		6455B90C207C8081002F2B6D /* ExtendingBackgroundTime.app */ = {isa = PBXFileReference; explicitFileType = wrapper.application; includeInIndex = 0; path = ExtendingBackgroundTime.app; sourceTree = BUILT_PRODUCTS_DIR; };
		6455B90F207C8081002F2B6D /* AppDelegate.swift */ = {isa = PBXFileReference; lastKnownFileType = sourcecode.swift; path = AppDelegate.swift; sourceTree = "<group>"; };
		6455B911207C8081002F2B6D /* ViewController.swift */ = {isa = PBXFileReference; lastKnownFileType = sourcecode.swift; path = ViewController.swift; sourceTree = "<group>"; };
		6455B914207C8081002F2B6D /* Base */ = {isa = PBXFileReference; lastKnownFileType = file.storyboard; name = Base; path = Base.lproj/Main.storyboard; sourceTree = "<group>"; };
		6455B916207C8081002F2B6D /* Assets.xcassets */ = {isa = PBXFileReference; lastKnownFileType = folder.assetcatalog; path = Assets.xcassets; sourceTree = "<group>"; };
		6455B919207C8081002F2B6D /* Base */ = {isa = PBXFileReference; lastKnownFileType = file.storyboard; name = Base; path = Base.lproj/LaunchScreen.storyboard; sourceTree = "<group>"; };
		6455B91B207C8081002F2B6D /* Info.plist */ = {isa = PBXFileReference; lastKnownFileType = text.plist.xml; path = Info.plist; sourceTree = "<group>"; };
/* End PBXFileReference section */

/* Begin PBXFrameworksBuildPhase section */
		6455B909207C8081002F2B6D /* Frameworks */ = {
			isa = PBXFrameworksBuildPhase;
			buildActionMask = 2147483647;
			files = (
			);
			runOnlyForDeploymentPostprocessing = 0;
		};
/* End PBXFrameworksBuildPhase section */

/* Begin PBXGroup section */
		6455B903207C8081002F2B6D = {
			isa = PBXGroup;
			children = (
				6455B90E207C8081002F2B6D /* ExtendingBackgroundTime */,
				6455B90D207C8081002F2B6D /* Products */,
			);
			sourceTree = "<group>";
		};
		6455B90D207C8081002F2B6D /* Products */ = {
			isa = PBXGroup;
			children = (
				6455B90C207C8081002F2B6D /* ExtendingBackgroundTime.app */,
			);
			name = Products;
			sourceTree = "<group>";
		};
		6455B90E207C8081002F2B6D /* ExtendingBackgroundTime */ = {
			isa = PBXGroup;
			children = (
				6455B90F207C8081002F2B6D /* AppDelegate.swift */,
				6455B911207C8081002F2B6D /* ViewController.swift */,
				6455B913207C8081002F2B6D /* Main.storyboard */,
				6455B916207C8081002F2B6D /* Assets.xcassets */,
				6455B918207C8081002F2B6D /* LaunchScreen.storyboard */,
				6455B91B207C8081002F2B6D /* Info.plist */,
			);
			path = ExtendingBackgroundTime;
			sourceTree = "<group>";
		};
/* End PBXGroup section */

/* Begin PBXNativeTarget section */
		6455B90B207C8081002F2B6D /* ExtendingBackgroundTime */ = {
			isa = PBXNativeTarget;
			buildConfigurationList = 6455B91E207C8081002F2B6D /* Build configuration list for PBXNativeTarget "ExtendingBackgroundTime" */;
			buildPhases = (
				6455B908207C8081002F2B6D /* Sources */,
				6455B909207C8081002F2B6D /* Frameworks */,
				6455B90A207C8081002F2B6D /* Resources */,
			);
			buildRules = (
			);
			dependencies = (
			);
			name = ExtendingBackgroundTime;
			productName = ExtendingBackgroundTime;
			productReference = 6455B90C207C8081002F2B6D /* ExtendingBackgroundTime.app */;
			productType = "com.apple.product-type.application";
		};
/* End PBXNativeTarget section */

/* Begin PBXProject section */
		6455B904207C8081002F2B6D /* Project object */ = {
			isa = PBXProject;
			attributes = {
				LastSwiftUpdateCheck = 0900;
				LastUpgradeCheck = 0900;
				ORGANIZATIONNAME = Naresh;
				TargetAttributes = {
					6455B90B207C8081002F2B6D = {
						CreatedOnToolsVersion = 9.0;
						ProvisioningStyle = Automatic;
					};
				};
			};
			buildConfigurationList = 6455B907207C8081002F2B6D /* Build configuration list for PBXProject "ExtendingBackgroundTime" */;
			compatibilityVersion = "Xcode 8.0";
			developmentRegion = en;
			hasScannedForEncodings = 0;
			knownRegions = (
				en,
				Base,
			);
			mainGroup = 6455B903207C8081002F2B6D;
			productRefGroup = 6455B90D207C8081002F2B6D /* Products */;
			projectDirPath = "";
			projectRoot = "";
			targets = (
				6455B90B207C8081002F2B6D /* ExtendingBackgroundTime */,
			);
		};
/* End PBXProject section */

/* Begin PBXResourcesBuildPhase section */
		6455B90A207C8081002F2B6D /* Resources */ = {
			isa = PBXResourcesBuildPhase;
			buildActionMask = 2147483647;
			files = (
				6455B91A207C8081002F2B6D /* LaunchScreen.storyboard in Resources */,
				6455B917207C8081002F2B6D /* Assets.xcassets in Resources */,
				6455B915207C8081002F2B6D /* Main.storyboard in Resources */,
			);
			runOnlyForDeploymentPostprocessing = 0;
		};
/* End PBXResourcesBuildPhase section */

/* Begin PBXSourcesBuildPhase section */
		6455B908207C8081002F2B6D /* Sources */ = {
			isa = PBXSourcesBuildPhase;
			buildActionMask = 2147483647;
			files = (
				6455B912207C8081002F2B6D /* ViewController.swift in Sources */,
				6455B910207C8081002F2B6D /* AppDelegate.swift in Sources */,
			);
			runOnlyForDeploymentPostprocessing = 0;
		};
/* End PBXSourcesBuildPhase section */

/* Begin PBXVariantGroup section */
		6455B913207C8081002F2B6D /* Main.storyboard */ = {
			isa = PBXVariantGroup;
			children = (
				6455B914207C8081002F2B6D /* Base */,
			);
			name = Main.storyboard;
			sourceTree = "<group>";
		};
		6455B918207C8081002F2B6D /* LaunchScreen.storyboard */ = {
			isa = PBXVariantGroup;
			children = (
				6455B919207C8081002F2B6D /* Base */,
			);
			name = LaunchScreen.storyboard;
			sourceTree = "<group>";
		};
/* End PBXVariantGroup section */

/* Begin XCBuildConfiguration section */
		6455B91C207C8081002F2B6D /* Debug */ = {
			isa = XCBuildConfiguration;
			buildSettings = {
				ALWAYS_SEARCH_USER_PATHS = NO;
				CLANG_ANALYZER_NONNULL = YES;
				CLANG_ANALYZER_NUMBER_OBJECT_CONVERSION = YES_AGGRESSIVE;
				CLANG_CXX_LANGUAGE_STANDARD = "gnu++14";
				CLANG_CXX_LIBRARY = "libc++";
				CLANG_ENABLE_MODULES = YES;
				CLANG_ENABLE_OBJC_ARC = YES;
				CLANG_WARN_BLOCK_CAPTURE_AUTORELEASING = YES;
				CLANG_WARN_BOOL_CONVERSION = YES;
				CLANG_WARN_COMMA = YES;
				CLANG_WARN_CONSTANT_CONVERSION = YES;
				CLANG_WARN_DIRECT_OBJC_ISA_USAGE = YES_ERROR;
				CLANG_WARN_DOCUMENTATION_COMMENTS = YES;
				CLANG_WARN_EMPTY_BODY = YES;
				CLANG_WARN_ENUM_CONVERSION = YES;
				CLANG_WARN_INFINITE_RECURSION = YES;
				CLANG_WARN_INT_CONVERSION = YES;
				CLANG_WARN_NON_LITERAL_NULL_CONVERSION = YES;
				CLANG_WARN_OBJC_LITERAL_CONVERSION = YES;
				CLANG_WARN_OBJC_ROOT_CLASS = YES_ERROR;
				CLANG_WARN_RANGE_LOOP_ANALYSIS = YES;
				CLANG_WARN_STRICT_PROTOTYPES = YES;
				CLANG_WARN_SUSPICIOUS_MOVE = YES;
				CLANG_WARN_UNGUARDED_AVAILABILITY = YES_AGGRESSIVE;
				CLANG_WARN_UNREACHABLE_CODE = YES;
				CLANG_WARN__DUPLICATE_METHOD_MATCH = YES;
				CODE_SIGN_IDENTITY = "iPhone Developer";
				COPY_PHASE_STRIP = NO;
				DEBUG_INFORMATION_FORMAT = dwarf;
				ENABLE_STRICT_OBJC_MSGSEND = YES;
				ENABLE_TESTABILITY = YES;
				GCC_C_LANGUAGE_STANDARD = gnu11;
				GCC_DYNAMIC_NO_PIC = NO;
				GCC_NO_COMMON_BLOCKS = YES;
				GCC_OPTIMIZATION_LEVEL = 0;
				GCC_PREPROCESSOR_DEFINITIONS = (
					"DEBUG=1",
					"$(inherited)",
				);
				GCC_WARN_64_TO_32_BIT_CONVERSION = YES;
				GCC_WARN_ABOUT_RETURN_TYPE = YES_ERROR;
				GCC_WARN_UNDECLARED_SELECTOR = YES;
				GCC_WARN_UNINITIALIZED_AUTOS = YES_AGGRESSIVE;
				GCC_WARN_UNUSED_FUNCTION = YES;
				GCC_WARN_UNUSED_VARIABLE = YES;
				IPHONEOS_DEPLOYMENT_TARGET = 11.0;
				MTL_ENABLE_DEBUG_INFO = YES;
				ONLY_ACTIVE_ARCH = YES;
				SDKROOT = iphoneos;
				SWIFT_ACTIVE_COMPILATION_CONDITIONS = DEBUG;
				SWIFT_OPTIMIZATION_LEVEL = "-Onone";
			};
			name = Debug;
		};
		6455B91D207C8081002F2B6D /* Release */ = {
			isa = XCBuildConfiguration;
			buildSettings = {
				ALWAYS_SEARCH_USER_PATHS = NO;
				CLANG_ANALYZER_NONNULL = YES;
				CLANG_ANALYZER_NUMBER_OBJECT_CONVERSION = YES_AGGRESSIVE;
				CLANG_CXX_LANGUAGE_STANDARD = "gnu++14";
				CLANG_CXX_LIBRARY = "libc++";
				CLANG_ENABLE_MODULES = YES;
				CLANG_ENABLE_OBJC_ARC = YES;
				CLANG_WARN_BLOCK_CAPTURE_AUTORELEASING = YES;
				CLANG_WARN_BOOL_CONVERSION = YES;
				CLANG_WARN_COMMA = YES;
				CLANG_WARN_CONSTANT_CONVERSION = YES;
				CLANG_WARN_DIRECT_OBJC_ISA_USAGE = YES_ERROR;
				CLANG_WARN_DOCUMENTATION_COMMENTS = YES;
				CLANG_WARN_EMPTY_BODY = YES;
				CLANG_WARN_ENUM_CONVERSION = YES;
				CLANG_WARN_INFINITE_RECURSION = YES;
				CLANG_WARN_INT_CONVERSION = YES;
				CLANG_WARN_NON_LITERAL_NULL_CONVERSION = YES;
				CLANG_WARN_OBJC_LITERAL_CONVERSION = YES;
				CLANG_WARN_OBJC_ROOT_CLASS = YES_ERROR;
				CLANG_WARN_RANGE_LOOP_ANALYSIS = YES;
				CLANG_WARN_STRICT_PROTOTYPES = YES;
				CLANG_WARN_SUSPICIOUS_MOVE = YES;
				CLANG_WARN_UNGUARDED_AVAILABILITY = YES_AGGRESSIVE;
				CLANG_WARN_UNREACHABLE_CODE = YES;
				CLANG_WARN__DUPLICATE_METHOD_MATCH = YES;
				CODE_SIGN_IDENTITY = "iPhone Developer";
				COPY_PHASE_STRIP = NO;
				DEBUG_INFORMATION_FORMAT = "dwarf-with-dsym";
				ENABLE_NS_ASSERTIONS = NO;
				ENABLE_STRICT_OBJC_MSGSEND = YES;
				GCC_C_LANGUAGE_STANDARD = gnu11;
				GCC_NO_COMMON_BLOCKS = YES;
				GCC_WARN_64_TO_32_BIT_CONVERSION = YES;
				GCC_WARN_ABOUT_RETURN_TYPE = YES_ERROR;
				GCC_WARN_UNDECLARED_SELECTOR = YES;
				GCC_WARN_UNINITIALIZED_AUTOS = YES_AGGRESSIVE;
				GCC_WARN_UNUSED_FUNCTION = YES;
				GCC_WARN_UNUSED_VARIABLE = YES;
				IPHONEOS_DEPLOYMENT_TARGET = 11.0;
				MTL_ENABLE_DEBUG_INFO = NO;
				SDKROOT = iphoneos;
				SWIFT_OPTIMIZATION_LEVEL = "-Owholemodule";
				VALIDATE_PRODUCT = YES;
			};
			name = Release;
		};
		6455B91F207C8081002F2B6D /* Debug */ = {
			isa = XCBuildConfiguration;
			buildSettings = {
				ASSETCATALOG_COMPILER_APPICON_NAME = AppIcon;
				CODE_SIGN_STYLE = Automatic;
				DEVELOPMENT_TEAM = XTCV97ZG5J;
				INFOPLIST_FILE = ExtendingBackgroundTime/Info.plist;
				LD_RUNPATH_SEARCH_PATHS = "$(inherited) @executable_path/Frameworks";
				PRODUCT_BUNDLE_IDENTIFIER = com.backgroundTask.extendTime.ExtendingBackgroundTime;
				PRODUCT_NAME = "$(TARGET_NAME)";
				SWIFT_VERSION = 4.0;
				TARGETED_DEVICE_FAMILY = "1,2";
			};
			name = Debug;
		};
		6455B920207C8081002F2B6D /* Release */ = {
			isa = XCBuildConfiguration;
			buildSettings = {
				ASSETCATALOG_COMPILER_APPICON_NAME = AppIcon;
				CODE_SIGN_STYLE = Automatic;
				DEVELOPMENT_TEAM = XTCV97ZG5J;
				INFOPLIST_FILE = ExtendingBackgroundTime/Info.plist;
				LD_RUNPATH_SEARCH_PATHS = "$(inherited) @executable_path/Frameworks";
				PRODUCT_BUNDLE_IDENTIFIER = com.backgroundTask.extendTime.ExtendingBackgroundTime;
				PRODUCT_NAME = "$(TARGET_NAME)";
				SWIFT_VERSION = 4.0;
				TARGETED_DEVICE_FAMILY = "1,2";
			};
			name = Release;
		};
/* End XCBuildConfiguration section */

/* Begin XCConfigurationList section */
		6455B907207C8081002F2B6D /* Build configuration list for PBXProject "ExtendingBackgroundTime" */ = {
			isa = XCConfigurationList;
			buildConfigurations = (
				6455B91C207C8081002F2B6D /* Debug */,
				6455B91D207C8081002F2B6D /* Release */,
			);
			defaultConfigurationIsVisible = 0;
			defaultConfigurationName = Release;
		};
		6455B91E207C8081002F2B6D /* Build configuration list for PBXNativeTarget "ExtendingBackgroundTime" */ = {
			isa = XCConfigurationList;
			buildConfigurations = (
				6455B91F207C8081002F2B6D /* Debug */,
				6455B920207C8081002F2B6D /* Release */,
			);
			defaultConfigurationIsVisible = 0;
			defaultConfigurationName = Release;
		};
/* End XCConfigurationList section */
	};
	rootObject = 6455B904207C8081002F2B6D /* Project object */;
}
